// !$*UTF8*$!
{
	archiveVersion = 1;
	classes = {
	};
	objectVersion = 46;
	objects = {

/* Begin PBXBuildFile section */
		2413BBCD19023C7500725AF6 /* Foundation.framework in Frameworks */ = {isa = PBXBuildFile; fileRef = 2413BBCC19023C7500725AF6 /* Foundation.framework */; };
		2413BBCF19023C7500725AF6 /* CoreGraphics.framework in Frameworks */ = {isa = PBXBuildFile; fileRef = 2413BBCE19023C7500725AF6 /* CoreGraphics.framework */; };
		2413BBD119023C7500725AF6 /* UIKit.framework in Frameworks */ = {isa = PBXBuildFile; fileRef = 2413BBD019023C7500725AF6 /* UIKit.framework */; };
		2413BBD719023C7500725AF6 /* InfoPlist.strings in Resources */ = {isa = PBXBuildFile; fileRef = 2413BBD519023C7500725AF6 /* InfoPlist.strings */; };
		2413BBD919023C7500725AF6 /* main.m in Sources */ = {isa = PBXBuildFile; fileRef = 2413BBD819023C7500725AF6 /* main.m */; };
		2413BBDD19023C7500725AF6 /* AppDelegate.m in Sources */ = {isa = PBXBuildFile; fileRef = 2413BBDC19023C7500725AF6 /* AppDelegate.m */; };
		2413BBE019023C7500725AF6 /* Main_iPhone.storyboard in Resources */ = {isa = PBXBuildFile; fileRef = 2413BBDE19023C7500725AF6 /* Main_iPhone.storyboard */; };
		2413BBE319023C7500725AF6 /* Main_iPad.storyboard in Resources */ = {isa = PBXBuildFile; fileRef = 2413BBE119023C7500725AF6 /* Main_iPad.storyboard */; };
		2413BBE819023C7500725AF6 /* Images.xcassets in Resources */ = {isa = PBXBuildFile; fileRef = 2413BBE719023C7500725AF6 /* Images.xcassets */; };
		2413BBEF19023C7500725AF6 /* XCTest.framework in Frameworks */ = {isa = PBXBuildFile; fileRef = 2413BBEE19023C7500725AF6 /* XCTest.framework */; };
		2413BBF019023C7500725AF6 /* Foundation.framework in Frameworks */ = {isa = PBXBuildFile; fileRef = 2413BBCC19023C7500725AF6 /* Foundation.framework */; };
		2413BBF119023C7500725AF6 /* UIKit.framework in Frameworks */ = {isa = PBXBuildFile; fileRef = 2413BBD019023C7500725AF6 /* UIKit.framework */; };
		2413BBF919023C7500725AF6 /* InfoPlist.strings in Resources */ = {isa = PBXBuildFile; fileRef = 2413BBF719023C7500725AF6 /* InfoPlist.strings */; };
		2413BBFB19023C7500725AF6 /* rainstormTests.m in Sources */ = {isa = PBXBuildFile; fileRef = 2413BBFA19023C7500725AF6 /* rainstormTests.m */; };
		2413BC0A19023CC900725AF6 /* Const.m in Sources */ = {isa = PBXBuildFile; fileRef = 2413BC0919023CC900725AF6 /* Const.m */; };
		2413BC0E19023CD900725AF6 /* UserData.m in Sources */ = {isa = PBXBuildFile; fileRef = 2413BC0D19023CD900725AF6 /* UserData.m */; };
		2413BC1119023CE100725AF6 /* Utils.m in Sources */ = {isa = PBXBuildFile; fileRef = 2413BC1019023CE100725AF6 /* Utils.m */; };
		247BEF6B19023E0C00FF4FA3 /* CustomVC.m in Sources */ = {isa = PBXBuildFile; fileRef = 247BEF6A19023E0C00FF4FA3 /* CustomVC.m */; };
		247BEF6E19023E2B00FF4FA3 /* LandingPageVC.m in Sources */ = {isa = PBXBuildFile; fileRef = 247BEF6D19023E2B00FF4FA3 /* LandingPageVC.m */; };
		247BEF7119023EAD00FF4FA3 /* GameVC.m in Sources */ = {isa = PBXBuildFile; fileRef = 247BEF7019023EAD00FF4FA3 /* GameVC.m */; };
/* End PBXBuildFile section */

/* Begin PBXContainerItemProxy section */
		2413BBF219023C7500725AF6 /* PBXContainerItemProxy */ = {
			isa = PBXContainerItemProxy;
			containerPortal = 2413BBC119023C7500725AF6 /* Project object */;
			proxyType = 1;
			remoteGlobalIDString = 2413BBC819023C7500725AF6;
			remoteInfo = rainstorm;
		};
/* End PBXContainerItemProxy section */

/* Begin PBXFileReference section */
		2413BBC919023C7500725AF6 /* rainstorm.app */ = {isa = PBXFileReference; explicitFileType = wrapper.application; includeInIndex = 0; path = rainstorm.app; sourceTree = BUILT_PRODUCTS_DIR; };
		2413BBCC19023C7500725AF6 /* Foundation.framework */ = {isa = PBXFileReference; lastKnownFileType = wrapper.framework; name = Foundation.framework; path = System/Library/Frameworks/Foundation.framework; sourceTree = SDKROOT; };
		2413BBCE19023C7500725AF6 /* CoreGraphics.framework */ = {isa = PBXFileReference; lastKnownFileType = wrapper.framework; name = CoreGraphics.framework; path = System/Library/Frameworks/CoreGraphics.framework; sourceTree = SDKROOT; };
		2413BBD019023C7500725AF6 /* UIKit.framework */ = {isa = PBXFileReference; lastKnownFileType = wrapper.framework; name = UIKit.framework; path = System/Library/Frameworks/UIKit.framework; sourceTree = SDKROOT; };
		2413BBD419023C7500725AF6 /* rainstorm-Info.plist */ = {isa = PBXFileReference; lastKnownFileType = text.plist.xml; path = "rainstorm-Info.plist"; sourceTree = "<group>"; };
		2413BBD619023C7500725AF6 /* en */ = {isa = PBXFileReference; lastKnownFileType = text.plist.strings; name = en; path = en.lproj/InfoPlist.strings; sourceTree = "<group>"; };
		2413BBD819023C7500725AF6 /* main.m */ = {isa = PBXFileReference; lastKnownFileType = sourcecode.c.objc; path = main.m; sourceTree = "<group>"; };
		2413BBDA19023C7500725AF6 /* rainstorm-Prefix.pch */ = {isa = PBXFileReference; lastKnownFileType = sourcecode.c.h; path = "rainstorm-Prefix.pch"; sourceTree = "<group>"; };
		2413BBDB19023C7500725AF6 /* AppDelegate.h */ = {isa = PBXFileReference; lastKnownFileType = sourcecode.c.h; path = AppDelegate.h; sourceTree = "<group>"; };
		2413BBDC19023C7500725AF6 /* AppDelegate.m */ = {isa = PBXFileReference; lastKnownFileType = sourcecode.c.objc; path = AppDelegate.m; sourceTree = "<group>"; };
		2413BBDF19023C7500725AF6 /* Base */ = {isa = PBXFileReference; lastKnownFileType = file.storyboard; name = Base; path = Base.lproj/Main_iPhone.storyboard; sourceTree = "<group>"; };
		2413BBE219023C7500725AF6 /* Base */ = {isa = PBXFileReference; lastKnownFileType = file.storyboard; name = Base; path = Base.lproj/Main_iPad.storyboard; sourceTree = "<group>"; };
		2413BBE719023C7500725AF6 /* Images.xcassets */ = {isa = PBXFileReference; lastKnownFileType = folder.assetcatalog; name = Images.xcassets; path = rainstorm/Images.xcassets; sourceTree = "<group>"; };
		2413BBED19023C7500725AF6 /* rainstormTests.xctest */ = {isa = PBXFileReference; explicitFileType = wrapper.cfbundle; includeInIndex = 0; path = rainstormTests.xctest; sourceTree = BUILT_PRODUCTS_DIR; };
		2413BBEE19023C7500725AF6 /* XCTest.framework */ = {isa = PBXFileReference; lastKnownFileType = wrapper.framework; name = XCTest.framework; path = Library/Frameworks/XCTest.framework; sourceTree = DEVELOPER_DIR; };
		2413BBF619023C7500725AF6 /* rainstormTests-Info.plist */ = {isa = PBXFileReference; lastKnownFileType = text.plist.xml; path = "rainstormTests-Info.plist"; sourceTree = "<group>"; };
		2413BBF819023C7500725AF6 /* en */ = {isa = PBXFileReference; lastKnownFileType = text.plist.strings; name = en; path = en.lproj/InfoPlist.strings; sourceTree = "<group>"; };
		2413BBFA19023C7500725AF6 /* rainstormTests.m */ = {isa = PBXFileReference; lastKnownFileType = sourcecode.c.objc; path = rainstormTests.m; sourceTree = "<group>"; };
		2413BC0819023CC900725AF6 /* Const.h */ = {isa = PBXFileReference; fileEncoding = 4; lastKnownFileType = sourcecode.c.h; path = Const.h; sourceTree = "<group>"; };
		2413BC0919023CC900725AF6 /* Const.m */ = {isa = PBXFileReference; fileEncoding = 4; lastKnownFileType = sourcecode.c.objc; path = Const.m; sourceTree = "<group>"; };
		2413BC0C19023CD900725AF6 /* UserData.h */ = {isa = PBXFileReference; fileEncoding = 4; lastKnownFileType = sourcecode.c.h; path = UserData.h; sourceTree = "<group>"; };
		2413BC0D19023CD900725AF6 /* UserData.m */ = {isa = PBXFileReference; fileEncoding = 4; lastKnownFileType = sourcecode.c.objc; path = UserData.m; sourceTree = "<group>"; };
		2413BC0F19023CE100725AF6 /* Utils.h */ = {isa = PBXFileReference; fileEncoding = 4; lastKnownFileType = sourcecode.c.h; path = Utils.h; sourceTree = "<group>"; };
		2413BC1019023CE100725AF6 /* Utils.m */ = {isa = PBXFileReference; fileEncoding = 4; lastKnownFileType = sourcecode.c.objc; path = Utils.m; sourceTree = "<group>"; };
		247BEF6919023E0C00FF4FA3 /* CustomVC.h */ = {isa = PBXFileReference; fileEncoding = 4; lastKnownFileType = sourcecode.c.h; path = CustomVC.h; sourceTree = "<group>"; };
		247BEF6A19023E0C00FF4FA3 /* CustomVC.m */ = {isa = PBXFileReference; fileEncoding = 4; lastKnownFileType = sourcecode.c.objc; path = CustomVC.m; sourceTree = "<group>"; };
		247BEF6C19023E2B00FF4FA3 /* LandingPageVC.h */ = {isa = PBXFileReference; fileEncoding = 4; lastKnownFileType = sourcecode.c.h; path = LandingPageVC.h; sourceTree = "<group>"; };
		247BEF6D19023E2B00FF4FA3 /* LandingPageVC.m */ = {isa = PBXFileReference; fileEncoding = 4; lastKnownFileType = sourcecode.c.objc; path = LandingPageVC.m; sourceTree = "<group>"; };
		247BEF6F19023EAD00FF4FA3 /* GameVC.h */ = {isa = PBXFileReference; fileEncoding = 4; lastKnownFileType = sourcecode.c.h; path = GameVC.h; sourceTree = "<group>"; };
		247BEF7019023EAD00FF4FA3 /* GameVC.m */ = {isa = PBXFileReference; fileEncoding = 4; lastKnownFileType = sourcecode.c.objc; path = GameVC.m; sourceTree = "<group>"; };
/* End PBXFileReference section */

/* Begin PBXFrameworksBuildPhase section */
		2413BBC619023C7500725AF6 /* Frameworks */ = {
			isa = PBXFrameworksBuildPhase;
			buildActionMask = 2147483647;
			files = (
				2413BBCF19023C7500725AF6 /* CoreGraphics.framework in Frameworks */,
				2413BBD119023C7500725AF6 /* UIKit.framework in Frameworks */,
				2413BBCD19023C7500725AF6 /* Foundation.framework in Frameworks */,
			);
			runOnlyForDeploymentPostprocessing = 0;
		};
		2413BBEA19023C7500725AF6 /* Frameworks */ = {
			isa = PBXFrameworksBuildPhase;
			buildActionMask = 2147483647;
			files = (
				2413BBEF19023C7500725AF6 /* XCTest.framework in Frameworks */,
				2413BBF119023C7500725AF6 /* UIKit.framework in Frameworks */,
				2413BBF019023C7500725AF6 /* Foundation.framework in Frameworks */,
			);
			runOnlyForDeploymentPostprocessing = 0;
		};
/* End PBXFrameworksBuildPhase section */

/* Begin PBXGroup section */
		2413BBC019023C7500725AF6 = {
			isa = PBXGroup;
			children = (
				2413BBD219023C7500725AF6 /* rainstorm */,
				2413BC1219023D2D00725AF6 /* Images */,
				2413BBF419023C7500725AF6 /* rainstormTests */,
				2413BBCB19023C7500725AF6 /* Frameworks */,
				2413BBCA19023C7500725AF6 /* Products */,
			);
			sourceTree = "<group>";
		};
		2413BBCA19023C7500725AF6 /* Products */ = {
			isa = PBXGroup;
			children = (
				2413BBC919023C7500725AF6 /* rainstorm.app */,
				2413BBED19023C7500725AF6 /* rainstormTests.xctest */,
			);
			name = Products;
			sourceTree = "<group>";
		};
		2413BBCB19023C7500725AF6 /* Frameworks */ = {
			isa = PBXGroup;
			children = (
				2413BBCC19023C7500725AF6 /* Foundation.framework */,
				2413BBCE19023C7500725AF6 /* CoreGraphics.framework */,
				2413BBD019023C7500725AF6 /* UIKit.framework */,
				2413BBEE19023C7500725AF6 /* XCTest.framework */,
			);
			name = Frameworks;
			sourceTree = "<group>";
		};
		2413BBD219023C7500725AF6 /* rainstorm */ = {
			isa = PBXGroup;
			children = (
				2413BC0719023CA400725AF6 /* Models */,
				2413BC0619023C9F00725AF6 /* Views */,
				2413BC0519023C9900725AF6 /* View Controllers */,
				2413BC0419023C8B00725AF6 /* Helpers */,
				2413BBDB19023C7500725AF6 /* AppDelegate.h */,
				2413BBDC19023C7500725AF6 /* AppDelegate.m */,
				2413BBDE19023C7500725AF6 /* Main_iPhone.storyboard */,
				2413BBD319023C7500725AF6 /* Supporting Files */,
			);
			path = rainstorm;
			sourceTree = "<group>";
		};
		2413BBD319023C7500725AF6 /* Supporting Files */ = {
			isa = PBXGroup;
			children = (
				2413BBE119023C7500725AF6 /* Main_iPad.storyboard */,
				2413BBD419023C7500725AF6 /* rainstorm-Info.plist */,
				2413BBD519023C7500725AF6 /* InfoPlist.strings */,
				2413BBD819023C7500725AF6 /* main.m */,
				2413BBDA19023C7500725AF6 /* rainstorm-Prefix.pch */,
			);
			name = "Supporting Files";
			sourceTree = "<group>";
		};
		2413BBF419023C7500725AF6 /* rainstormTests */ = {
			isa = PBXGroup;
			children = (
				2413BBFA19023C7500725AF6 /* rainstormTests.m */,
				2413BBF519023C7500725AF6 /* Supporting Files */,
			);
			path = rainstormTests;
			sourceTree = "<group>";
		};
		2413BBF519023C7500725AF6 /* Supporting Files */ = {
			isa = PBXGroup;
			children = (
				2413BBF619023C7500725AF6 /* rainstormTests-Info.plist */,
				2413BBF719023C7500725AF6 /* InfoPlist.strings */,
			);
			name = "Supporting Files";
			sourceTree = "<group>";
		};
		2413BC0419023C8B00725AF6 /* Helpers */ = {
			isa = PBXGroup;
			children = (
				2413BC0819023CC900725AF6 /* Const.h */,
				2413BC0919023CC900725AF6 /* Const.m */,
				2413BC0C19023CD900725AF6 /* UserData.h */,
				2413BC0D19023CD900725AF6 /* UserData.m */,
				2413BC0F19023CE100725AF6 /* Utils.h */,
				2413BC1019023CE100725AF6 /* Utils.m */,
			);
			name = Helpers;
			sourceTree = "<group>";
		};
		2413BC0519023C9900725AF6 /* View Controllers */ = {
			isa = PBXGroup;
			children = (
				247BEF6919023E0C00FF4FA3 /* CustomVC.h */,
				247BEF6A19023E0C00FF4FA3 /* CustomVC.m */,
				247BEF6C19023E2B00FF4FA3 /* LandingPageVC.h */,
				247BEF6D19023E2B00FF4FA3 /* LandingPageVC.m */,
				247BEF6F19023EAD00FF4FA3 /* GameVC.h */,
				247BEF7019023EAD00FF4FA3 /* GameVC.m */,
			);
			name = "View Controllers";
			sourceTree = "<group>";
		};
		2413BC0619023C9F00725AF6 /* Views */ = {
			isa = PBXGroup;
			children = (
			);
			name = Views;
			sourceTree = "<group>";
		};
		2413BC0719023CA400725AF6 /* Models */ = {
			isa = PBXGroup;
			children = (
			);
			name = Models;
			sourceTree = "<group>";
		};
		2413BC1219023D2D00725AF6 /* Images */ = {
			isa = PBXGroup;
			children = (
				2413BBE719023C7500725AF6 /* Images.xcassets */,
			);
			name = Images;
			sourceTree = "<group>";
		};
/* End PBXGroup section */

/* Begin PBXNativeTarget section */
		2413BBC819023C7500725AF6 /* rainstorm */ = {
			isa = PBXNativeTarget;
			buildConfigurationList = 2413BBFE19023C7500725AF6 /* Build configuration list for PBXNativeTarget "rainstorm" */;
			buildPhases = (
				2413BBC519023C7500725AF6 /* Sources */,
				2413BBC619023C7500725AF6 /* Frameworks */,
				2413BBC719023C7500725AF6 /* Resources */,
			);
			buildRules = (
			);
			dependencies = (
			);
			name = rainstorm;
			productName = rainstorm;
			productReference = 2413BBC919023C7500725AF6 /* rainstorm.app */;
			productType = "com.apple.product-type.application";
		};
		2413BBEC19023C7500725AF6 /* rainstormTests */ = {
			isa = PBXNativeTarget;
			buildConfigurationList = 2413BC0119023C7500725AF6 /* Build configuration list for PBXNativeTarget "rainstormTests" */;
			buildPhases = (
				2413BBE919023C7500725AF6 /* Sources */,
				2413BBEA19023C7500725AF6 /* Frameworks */,
				2413BBEB19023C7500725AF6 /* Resources */,
			);
			buildRules = (
			);
			dependencies = (
				2413BBF319023C7500725AF6 /* PBXTargetDependency */,
			);
			name = rainstormTests;
			productName = rainstormTests;
			productReference = 2413BBED19023C7500725AF6 /* rainstormTests.xctest */;
			productType = "com.apple.product-type.bundle.unit-test";
		};
/* End PBXNativeTarget section */

/* Begin PBXProject section */
		2413BBC119023C7500725AF6 /* Project object */ = {
			isa = PBXProject;
			attributes = {
				LastUpgradeCheck = 0510;
				ORGANIZATIONNAME = "Lakeview Labs";
				TargetAttributes = {
					2413BBEC19023C7500725AF6 = {
						TestTargetID = 2413BBC819023C7500725AF6;
					};
				};
			};
			buildConfigurationList = 2413BBC419023C7500725AF6 /* Build configuration list for PBXProject "rainstorm" */;
			compatibilityVersion = "Xcode 3.2";
			developmentRegion = English;
			hasScannedForEncodings = 0;
			knownRegions = (
				en,
				Base,
			);
			mainGroup = 2413BBC019023C7500725AF6;
			productRefGroup = 2413BBCA19023C7500725AF6 /* Products */;
			projectDirPath = "";
			projectRoot = "";
			targets = (
				2413BBC819023C7500725AF6 /* rainstorm */,
				2413BBEC19023C7500725AF6 /* rainstormTests */,
			);
		};
/* End PBXProject section */

/* Begin PBXResourcesBuildPhase section */
		2413BBC719023C7500725AF6 /* Resources */ = {
			isa = PBXResourcesBuildPhase;
			buildActionMask = 2147483647;
			files = (
				2413BBE319023C7500725AF6 /* Main_iPad.storyboard in Resources */,
				2413BBE819023C7500725AF6 /* Images.xcassets in Resources */,
				2413BBE019023C7500725AF6 /* Main_iPhone.storyboard in Resources */,
				2413BBD719023C7500725AF6 /* InfoPlist.strings in Resources */,
			);
			runOnlyForDeploymentPostprocessing = 0;
		};
		2413BBEB19023C7500725AF6 /* Resources */ = {
			isa = PBXResourcesBuildPhase;
			buildActionMask = 2147483647;
			files = (
				2413BBF919023C7500725AF6 /* InfoPlist.strings in Resources */,
			);
			runOnlyForDeploymentPostprocessing = 0;
		};
/* End PBXResourcesBuildPhase section */

/* Begin PBXSourcesBuildPhase section */
		2413BBC519023C7500725AF6 /* Sources */ = {
			isa = PBXSourcesBuildPhase;
			buildActionMask = 2147483647;
			files = (
				2413BC0A19023CC900725AF6 /* Const.m in Sources */,
				2413BBDD19023C7500725AF6 /* AppDelegate.m in Sources */,
				2413BC1119023CE100725AF6 /* Utils.m in Sources */,
				247BEF6B19023E0C00FF4FA3 /* CustomVC.m in Sources */,
				247BEF6E19023E2B00FF4FA3 /* LandingPageVC.m in Sources */,
				2413BC0E19023CD900725AF6 /* UserData.m in Sources */,
				247BEF7119023EAD00FF4FA3 /* GameVC.m in Sources */,
				2413BBD919023C7500725AF6 /* main.m in Sources */,
			);
			runOnlyForDeploymentPostprocessing = 0;
		};
		2413BBE919023C7500725AF6 /* Sources */ = {
			isa = PBXSourcesBuildPhase;
			buildActionMask = 2147483647;
			files = (
				2413BBFB19023C7500725AF6 /* rainstormTests.m in Sources */,
			);
			runOnlyForDeploymentPostprocessing = 0;
		};
/* End PBXSourcesBuildPhase section */

/* Begin PBXTargetDependency section */
		2413BBF319023C7500725AF6 /* PBXTargetDependency */ = {
			isa = PBXTargetDependency;
			target = 2413BBC819023C7500725AF6 /* rainstorm */;
			targetProxy = 2413BBF219023C7500725AF6 /* PBXContainerItemProxy */;
		};
/* End PBXTargetDependency section */

/* Begin PBXVariantGroup section */
		2413BBD519023C7500725AF6 /* InfoPlist.strings */ = {
			isa = PBXVariantGroup;
			children = (
				2413BBD619023C7500725AF6 /* en */,
			);
			name = InfoPlist.strings;
			sourceTree = "<group>";
		};
		2413BBDE19023C7500725AF6 /* Main_iPhone.storyboard */ = {
			isa = PBXVariantGroup;
			children = (
				2413BBDF19023C7500725AF6 /* Base */,
			);
			name = Main_iPhone.storyboard;
			sourceTree = "<group>";
		};
		2413BBE119023C7500725AF6 /* Main_iPad.storyboard */ = {
			isa = PBXVariantGroup;
			children = (
				2413BBE219023C7500725AF6 /* Base */,
			);
			name = Main_iPad.storyboard;
			sourceTree = "<group>";
		};
		2413BBF719023C7500725AF6 /* InfoPlist.strings */ = {
			isa = PBXVariantGroup;
			children = (
				2413BBF819023C7500725AF6 /* en */,
			);
			name = InfoPlist.strings;
			sourceTree = "<group>";
		};
/* End PBXVariantGroup section */

/* Begin XCBuildConfiguration section */
		2413BBFC19023C7500725AF6 /* Debug */ = {
			isa = XCBuildConfiguration;
			buildSettings = {
				ALWAYS_SEARCH_USER_PATHS = NO;
				CLANG_CXX_LANGUAGE_STANDARD = "gnu++0x";
				CLANG_CXX_LIBRARY = "libc++";
				CLANG_ENABLE_MODULES = YES;
				CLANG_ENABLE_OBJC_ARC = YES;
				CLANG_WARN_BOOL_CONVERSION = YES;
				CLANG_WARN_CONSTANT_CONVERSION = YES;
				CLANG_WARN_DIRECT_OBJC_ISA_USAGE = YES_ERROR;
				CLANG_WARN_EMPTY_BODY = YES;
				CLANG_WARN_ENUM_CONVERSION = YES;
				CLANG_WARN_INT_CONVERSION = YES;
				CLANG_WARN_OBJC_ROOT_CLASS = YES_ERROR;
				CLANG_WARN__DUPLICATE_METHOD_MATCH = YES;
				"CODE_SIGN_IDENTITY[sdk=iphoneos*]" = "iPhone Developer";
				COPY_PHASE_STRIP = NO;
				GCC_C_LANGUAGE_STANDARD = gnu99;
				GCC_DYNAMIC_NO_PIC = NO;
				GCC_OPTIMIZATION_LEVEL = 0;
				GCC_PREPROCESSOR_DEFINITIONS = (
					"DEBUG=1",
					"$(inherited)",
				);
				GCC_SYMBOLS_PRIVATE_EXTERN = NO;
				GCC_WARN_64_TO_32_BIT_CONVERSION = YES;
				GCC_WARN_ABOUT_RETURN_TYPE = YES_ERROR;
				GCC_WARN_UNDECLARED_SELECTOR = YES;
				GCC_WARN_UNINITIALIZED_AUTOS = YES_AGGRESSIVE;
				GCC_WARN_UNUSED_FUNCTION = YES;
				GCC_WARN_UNUSED_VARIABLE = YES;
				IPHONEOS_DEPLOYMENT_TARGET = 7.1;
				ONLY_ACTIVE_ARCH = YES;
				SDKROOT = iphoneos;
				TARGETED_DEVICE_FAMILY = "1,2";
			};
			name = Debug;
		};
		2413BBFD19023C7500725AF6 /* Release */ = {
			isa = XCBuildConfiguration;
			buildSettings = {
				ALWAYS_SEARCH_USER_PATHS = NO;
				CLANG_CXX_LANGUAGE_STANDARD = "gnu++0x";
				CLANG_CXX_LIBRARY = "libc++";
				CLANG_ENABLE_MODULES = YES;
				CLANG_ENABLE_OBJC_ARC = YES;
				CLANG_WARN_BOOL_CONVERSION = YES;
				CLANG_WARN_CONSTANT_CONVERSION = YES;
				CLANG_WARN_DIRECT_OBJC_ISA_USAGE = YES_ERROR;
				CLANG_WARN_EMPTY_BODY = YES;
				CLANG_WARN_ENUM_CONVERSION = YES;
				CLANG_WARN_INT_CONVERSION = YES;
				CLANG_WARN_OBJC_ROOT_CLASS = YES_ERROR;
				CLANG_WARN__DUPLICATE_METHOD_MATCH = YES;
				"CODE_SIGN_IDENTITY[sdk=iphoneos*]" = "iPhone Developer";
				COPY_PHASE_STRIP = YES;
				ENABLE_NS_ASSERTIONS = NO;
				GCC_C_LANGUAGE_STANDARD = gnu99;
				GCC_WARN_64_TO_32_BIT_CONVERSION = YES;
				GCC_WARN_ABOUT_RETURN_TYPE = YES_ERROR;
				GCC_WARN_UNDECLARED_SELECTOR = YES;
				GCC_WARN_UNINITIALIZED_AUTOS = YES_AGGRESSIVE;
				GCC_WARN_UNUSED_FUNCTION = YES;
				GCC_WARN_UNUSED_VARIABLE = YES;
				IPHONEOS_DEPLOYMENT_TARGET = 7.1;
				SDKROOT = iphoneos;
				TARGETED_DEVICE_FAMILY = "1,2";
				VALIDATE_PRODUCT = YES;
			};
			name = Release;
		};
		2413BBFF19023C7500725AF6 /* Debug */ = {
			isa = XCBuildConfiguration;
			buildSettings = {
				ASSETCATALOG_COMPILER_APPICON_NAME = AppIcon;
				ASSETCATALOG_COMPILER_LAUNCHIMAGE_NAME = LaunchImage;
				GCC_PRECOMPILE_PREFIX_HEADER = YES;
				GCC_PREFIX_HEADER = "rainstorm/rainstorm-Prefix.pch";
				INFOPLIST_FILE = "rainstorm/rainstorm-Info.plist";
				IPHONEOS_DEPLOYMENT_TARGET = 6.0;
				PRODUCT_NAME = "$(TARGET_NAME)";
				WRAPPER_EXTENSION = app;
			};
			name = Debug;
		};
		2413BC0019023C7500725AF6 /* Release */ = {
			isa = XCBuildConfiguration;
			buildSettings = {
				ASSETCATALOG_COMPILER_APPICON_NAME = AppIcon;
				ASSETCATALOG_COMPILER_LAUNCHIMAGE_NAME = LaunchImage;
				GCC_PRECOMPILE_PREFIX_HEADER = YES;
				GCC_PREFIX_HEADER = "rainstorm/rainstorm-Prefix.pch";
				INFOPLIST_FILE = "rainstorm/rainstorm-Info.plist";
				IPHONEOS_DEPLOYMENT_TARGET = 6.0;
				PRODUCT_NAME = "$(TARGET_NAME)";
				WRAPPER_EXTENSION = app;
			};
			name = Release;
		};
		2413BC0219023C7500725AF6 /* Debug */ = {
			isa = XCBuildConfiguration;
			buildSettings = {
				BUNDLE_LOADER = "$(BUILT_PRODUCTS_DIR)/rainstorm.app/rainstorm";
				FRAMEWORK_SEARCH_PATHS = (
					"$(SDKROOT)/Developer/Library/Frameworks",
					"$(inherited)",
					"$(DEVELOPER_FRAMEWORKS_DIR)",
				);
				GCC_PRECOMPILE_PREFIX_HEADER = YES;
				GCC_PREFIX_HEADER = "rainstorm/rainstorm-Prefix.pch";
				GCC_PREPROCESSOR_DEFINITIONS = (
					"DEBUG=1",
					"$(inherited)",
				);
				INFOPLIST_FILE = "rainstormTests/rainstormTests-Info.plist";
				PRODUCT_NAME = "$(TARGET_NAME)";
				TEST_HOST = "$(BUNDLE_LOADER)";
				WRAPPER_EXTENSION = xctest;
			};
			name = Debug;
		};
		2413BC0319023C7500725AF6 /* Release */ = {
			isa = XCBuildConfiguration;
			buildSettings = {
				BUNDLE_LOADER = "$(BUILT_PRODUCTS_DIR)/rainstorm.app/rainstorm";
				FRAMEWORK_SEARCH_PATHS = (
					"$(SDKROOT)/Developer/Library/Frameworks",
					"$(inherited)",
					"$(DEVELOPER_FRAMEWORKS_DIR)",
				);
				GCC_PRECOMPILE_PREFIX_HEADER = YES;
				GCC_PREFIX_HEADER = "rainstorm/rainstorm-Prefix.pch";
				INFOPLIST_FILE = "rainstormTests/rainstormTests-Info.plist";
				PRODUCT_NAME = "$(TARGET_NAME)";
				TEST_HOST = "$(BUNDLE_LOADER)";
				WRAPPER_EXTENSION = xctest;
			};
			name = Release;
		};
/* End XCBuildConfiguration section */

/* Begin XCConfigurationList section */
		2413BBC419023C7500725AF6 /* Build configuration list for PBXProject "rainstorm" */ = {
			isa = XCConfigurationList;
			buildConfigurations = (
				2413BBFC19023C7500725AF6 /* Debug */,
				2413BBFD19023C7500725AF6 /* Release */,
			);
			defaultConfigurationIsVisible = 0;
			defaultConfigurationName = Release;
		};
		2413BBFE19023C7500725AF6 /* Build configuration list for PBXNativeTarget "rainstorm" */ = {
			isa = XCConfigurationList;
			buildConfigurations = (
				2413BBFF19023C7500725AF6 /* Debug */,
				2413BC0019023C7500725AF6 /* Release */,
			);
			defaultConfigurationIsVisible = 0;
			defaultConfigurationName = Release;
		};
		2413BC0119023C7500725AF6 /* Build configuration list for PBXNativeTarget "rainstormTests" */ = {
			isa = XCConfigurationList;
			buildConfigurations = (
				2413BC0219023C7500725AF6 /* Debug */,
				2413BC0319023C7500725AF6 /* Release */,
			);
			defaultConfigurationIsVisible = 0;
			defaultConfigurationName = Release;
		};
/* End XCConfigurationList section */
	};
	rootObject = 2413BBC119023C7500725AF6 /* Project object */;
}
